
Microsoft Visual Studio Solution File, Format Version 12.00
# Visual Studio Version 17
VisualStudioVersion = 17.9.34607.119
MinimumVisualStudioVersion = 10.0.40219.1
Project("{9A19103F-16F7-4668-BE54-9A1E7A4F7556}") = "MoviePro", "MoviePro.csproj", "{56363415-3243-4008-B53F-A4D6C63B2E4F}"
EndProject
Global
	GlobalSection(SolutionConfigurationPlatforms) = preSolution
		Debug|Any CPU = Debug|Any CPU
		Release|Any CPU = Release|Any CPU
	EndGlobalSection
	GlobalSection(ProjectConfigurationPlatforms) = postSolution
		{56363415-3243-4008-B53F-A4D6C63B2E4F}.Debug|Any CPU.ActiveCfg = Debug|Any CPU
		{56363415-3243-4008-B53F-A4D6C63B2E4F}.Debug|Any CPU.Build.0 = Debug|Any CPU
		{56363415-3243-4008-B53F-A4D6C63B2E4F}.Release|Any CPU.ActiveCfg = Release|Any CPU
		{56363415-3243-4008-B53F-A4D6C63B2E4F}.Release|Any CPU.Build.0 = Release|Any CPU
	EndGlobalSection
	GlobalSection(SolutionProperties) = preSolution
		HideSolutionNode = FALSE
	EndGlobalSection
	GlobalSection(ExtensibilityGlobals) = postSolution
		SolutionGuid = {F00E4655-75DF-42D2-8BB4-29351D700167}
	EndGlobalSection
EndGlobal
